
Microsoft Visual Studio Solution File, Format Version 12.00
# Visual Studio Version 17
VisualStudioVersion = 17.4.33110.190
MinimumVisualStudioVersion = 10.0.40219.1
Project("{888888A0-9F3D-457C-B088-3A5042F75D52}") = "7.5-SchetsEditorP", "7.5-SchetsEditorP.pyproj", "{AFE93536-019F-4420-B23C-1EAD82D331EA}"
EndProject
Global
	GlobalSection(SolutionConfigurationPlatforms) = preSolution
		Debug|Any CPU = Debug|Any CPU
		Release|Any CPU = Release|Any CPU
	EndGlobalSection
	GlobalSection(ProjectConfigurationPlatforms) = postSolution
		{AFE93536-019F-4420-B23C-1EAD82D331EA}.Debug|Any CPU.ActiveCfg = Debug|Any CPU
		{AFE93536-019F-4420-B23C-1EAD82D331EA}.Release|Any CPU.ActiveCfg = Release|Any CPU
	EndGlobalSection
	GlobalSection(SolutionProperties) = preSolution
		HideSolutionNode = FALSE
	EndGlobalSection
	GlobalSection(ExtensibilityGlobals) = postSolution
		SolutionGuid = {8A9CBEC4-48E7-4494-8861-42A83310D505}
	EndGlobalSection
EndGlobal
